{
  "requires": true,
  "lockfileVersion": 1,
  "dependencies": {
    "@fortawesome/fontawesome": {
      "version": "1.1.8",
      "resolved": "https://registry.npm.taobao.org/@fortawesome/fontawesome/download/@fortawesome/fontawesome-1.1.8.tgz",
      "integrity": "sha1-df5mpg+VUIFguxa9eBrX2JsoD1s=",
      "requires": {
        "@fortawesome/fontawesome-common-types": "^0.1.7"
      }
    },
    "@fortawesome/fontawesome-common-types": {
      "version": "0.1.7",
      "resolved": "https://registry.npm.taobao.org/@fortawesome/fontawesome-common-types/download/@fortawesome/fontawesome-common-types-0.1.7.tgz",
      "integrity": "sha1-QzbEsG0LVgj/EhVGS2b8+fR5UoQ="
    },
    "@fortawesome/fontawesome-free": {
      "version": "5.15.3",
      "resolved": "https://registry.npm.taobao.org/@fortawesome/fontawesome-free/download/@fortawesome/fontawesome-free-5.15.3.tgz?cache=0&sync_timestamp=1615925151191&other_urls=https%3A%2F%2Fregistry.npm.taobao.org%2F%40fortawesome%2Ffontawesome-free%2Fdownload%2F%40fortawesome%2Ffontawesome-free-5.15.3.tgz",
      "integrity": "sha1-w2/6ZKKiOb+UhUGpe2ro1yngmpo="
    },
    "@fortawesome/fontawesome-free-brands": {
      "version": "5.0.13",
      "resolved": "https://registry.npm.taobao.org/@fortawesome/fontawesome-free-brands/download/@fortawesome/fontawesome-free-brands-5.0.13.tgz",
      "integrity": "sha1-TRX/Th6GLV5KTfNlT46Ky9R+nAk=",
      "requires": {
        "@fortawesome/fontawesome-common-types": "^0.1.7"
      }
    },
    "@fortawesome/fontawesome-free-regular": {
      "version": "5.0.13",
      "resolved": "https://registry.npm.taobao.org/@fortawesome/fontawesome-free-regular/download/@fortawesome/fontawesome-free-regular-5.0.13.tgz",
      "integrity": "sha1-63jDAYTj9FakI6Hc+g9oL3tQ3ko=",
      "requires": {
        "@fortawesome/fontawesome-common-types": "^0.1.7"
      }
    },
    "@fortawesome/fontawesome-free-solid": {
      "version": "5.0.13",
      "resolved": "https://registry.npm.taobao.org/@fortawesome/fontawesome-free-solid/download/@fortawesome/fontawesome-free-solid-5.0.13.tgz",
      "integrity": "sha1-JLYar0canTSlNksFLWSlFihbqJQ=",
      "requires": {
        "@fortawesome/fontawesome-common-types": "^0.1.7"
      }
    },
    "@fortawesome/vue-fontawesome": {
      "version": "2.0.2",
      "resolved": "https://registry.npm.taobao.org/@fortawesome/vue-fontawesome/download/@fortawesome/vue-fontawesome-2.0.2.tgz",
      "integrity": "sha1-W4bNL7e0wX5d7eciwcKFXJfs6uo="
    },
    "de-indent": {
      "version": "1.0.2",
      "resolved": "https://registry.npm.taobao.org/de-indent/download/de-indent-1.0.2.tgz",
      "integrity": "sha1-sgOOhG3DO6pXlhKNCAS0VbjB4h0="
    },
    "he": {
      "version": "1.2.0",
      "resolved": "https://registry.npm.taobao.org/he/download/he-1.2.0.tgz",
      "integrity": "sha1-hK5l+n6vsWX922FWauFLrwVmTw8="
    },
    "vue-template-compiler": {
      "version": "2.6.12",
      "resolved": "https://registry.npm.taobao.org/vue-template-compiler/download/vue-template-compiler-2.6.12.tgz",
      "integrity": "sha1-lH7XGWdEyKUoXr4SM/6WBDf8xX4=",
      "requires": {
        "de-indent": "^1.0.2",
        "he": "^1.1.0"
      }
    }
  }
}
